// !$*UTF8*$!
{
	archiveVersion = 1;
	classes = {
	};
	objectVersion = 56;
	objects = {

/* Begin PBXBuildFile section */
		335392732B8D057000A50F17 /* counterApp.swift in Sources */ = {isa = PBXBuildFile; fileRef = 335392722B8D057000A50F17 /* counterApp.swift */; };
		335392752B8D057000A50F17 /* ContentView.swift in Sources */ = {isa = PBXBuildFile; fileRef = 335392742B8D057000A50F17 /* ContentView.swift */; };
		335392772B8D057300A50F17 /* Assets.xcassets in Resources */ = {isa = PBXBuildFile; fileRef = 335392762B8D057300A50F17 /* Assets.xcassets */; };
		3353927A2B8D057300A50F17 /* Preview Assets.xcassets in Resources */ = {isa = PBXBuildFile; fileRef = 335392792B8D057300A50F17 /* Preview Assets.xcassets */; };
		335392842B8D057400A50F17 /* counterTests.swift in Sources */ = {isa = PBXBuildFile; fileRef = 335392832B8D057400A50F17 /* counterTests.swift */; };
		3353928E2B8D057400A50F17 /* counterUITests.swift in Sources */ = {isa = PBXBuildFile; fileRef = 3353928D2B8D057400A50F17 /* counterUITests.swift */; };
		335392902B8D057400A50F17 /* counterUITestsLaunchTests.swift in Sources */ = {isa = PBXBuildFile; fileRef = 3353928F2B8D057400A50F17 /* counterUITestsLaunchTests.swift */; };
/* End PBXBuildFile section */

/* Begin PBXContainerItemProxy section */
		335392802B8D057400A50F17 /* PBXContainerItemProxy */ = {
			isa = PBXContainerItemProxy;
			containerPortal = 335392672B8D057000A50F17 /* Project object */;
			proxyType = 1;
			remoteGlobalIDString = 3353926E2B8D057000A50F17;
			remoteInfo = counter;
		};
		3353928A2B8D057400A50F17 /* PBXContainerItemProxy */ = {
			isa = PBXContainerItemProxy;
			containerPortal = 335392672B8D057000A50F17 /* Project object */;
			proxyType = 1;
			remoteGlobalIDString = 3353926E2B8D057000A50F17;
			remoteInfo = counter;
		};
/* End PBXContainerItemProxy section */

/* Begin PBXFileReference section */
		3353926F2B8D057000A50F17 /* counter.app */ = {isa = PBXFileReference; explicitFileType = wrapper.application; includeInIndex = 0; path = counter.app; sourceTree = BUILT_PRODUCTS_DIR; };
		335392722B8D057000A50F17 /* counterApp.swift */ = {isa = PBXFileReference; lastKnownFileType = sourcecode.swift; path = counterApp.swift; sourceTree = "<group>"; };
		335392742B8D057000A50F17 /* ContentView.swift */ = {isa = PBXFileReference; lastKnownFileType = sourcecode.swift; path = ContentView.swift; sourceTree = "<group>"; };
		335392762B8D057300A50F17 /* Assets.xcassets */ = {isa = PBXFileReference; lastKnownFileType = folder.assetcatalog; path = Assets.xcassets; sourceTree = "<group>"; };
		335392792B8D057300A50F17 /* Preview Assets.xcassets */ = {isa = PBXFileReference; lastKnownFileType = folder.assetcatalog; path = "Preview Assets.xcassets"; sourceTree = "<group>"; };
		3353927F2B8D057400A50F17 /* counterTests.xctest */ = {isa = PBXFileReference; explicitFileType = wrapper.cfbundle; includeInIndex = 0; path = counterTests.xctest; sourceTree = BUILT_PRODUCTS_DIR; };
		335392832B8D057400A50F17 /* counterTests.swift */ = {isa = PBXFileReference; lastKnownFileType = sourcecode.swift; path = counterTests.swift; sourceTree = "<group>"; };
		335392892B8D057400A50F17 /* counterUITests.xctest */ = {isa = PBXFileReference; explicitFileType = wrapper.cfbundle; includeInIndex = 0; path = counterUITests.xctest; sourceTree = BUILT_PRODUCTS_DIR; };
		3353928D2B8D057400A50F17 /* counterUITests.swift */ = {isa = PBXFileReference; lastKnownFileType = sourcecode.swift; path = counterUITests.swift; sourceTree = "<group>"; };
		3353928F2B8D057400A50F17 /* counterUITestsLaunchTests.swift */ = {isa = PBXFileReference; lastKnownFileType = sourcecode.swift; path = counterUITestsLaunchTests.swift; sourceTree = "<group>"; };
/* End PBXFileReference section */

/* Begin PBXFrameworksBuildPhase section */
		3353926C2B8D057000A50F17 /* Frameworks */ = {
			isa = PBXFrameworksBuildPhase;
			buildActionMask = 2147483647;
			files = (
			);
			runOnlyForDeploymentPostprocessing = 0;
		};
		3353927C2B8D057400A50F17 /* Frameworks */ = {
			isa = PBXFrameworksBuildPhase;
			buildActionMask = 2147483647;
			files = (
			);
			runOnlyForDeploymentPostprocessing = 0;
		};
		335392862B8D057400A50F17 /* Frameworks */ = {
			isa = PBXFrameworksBuildPhase;
			buildActionMask = 2147483647;
			files = (
			);
			runOnlyForDeploymentPostprocessing = 0;
		};
/* End PBXFrameworksBuildPhase section */

/* Begin PBXGroup section */
		335392662B8D057000A50F17 = {
			isa = PBXGroup;
			children = (
				335392712B8D057000A50F17 /* counter */,
				335392822B8D057400A50F17 /* counterTests */,
				3353928C2B8D057400A50F17 /* counterUITests */,
				335392702B8D057000A50F17 /* Products */,
			);
			sourceTree = "<group>";
		};
		335392702B8D057000A50F17 /* Products */ = {
			isa = PBXGroup;
			children = (
				3353926F2B8D057000A50F17 /* counter.app */,
				3353927F2B8D057400A50F17 /* counterTests.xctest */,
				335392892B8D057400A50F17 /* counterUITests.xctest */,
			);
			name = Products;
			sourceTree = "<group>";
		};
		335392712B8D057000A50F17 /* counter */ = {
			isa = PBXGroup;
			children = (
				335392722B8D057000A50F17 /* counterApp.swift */,
				335392742B8D057000A50F17 /* ContentView.swift */,
				335392762B8D057300A50F17 /* Assets.xcassets */,
				335392782B8D057300A50F17 /* Preview Content */,
			);
			path = counter;
			sourceTree = "<group>";
		};
		335392782B8D057300A50F17 /* Preview Content */ = {
			isa = PBXGroup;
			children = (
				335392792B8D057300A50F17 /* Preview Assets.xcassets */,
			);
			path = "Preview Content";
			sourceTree = "<group>";
		};
		335392822B8D057400A50F17 /* counterTests */ = {
			isa = PBXGroup;
			children = (
				335392832B8D057400A50F17 /* counterTests.swift */,
			);
			path = counterTests;
			sourceTree = "<group>";
		};
		3353928C2B8D057400A50F17 /* counterUITests */ = {
			isa = PBXGroup;
			children = (
				3353928D2B8D057400A50F17 /* counterUITests.swift */,
				3353928F2B8D057400A50F17 /* counterUITestsLaunchTests.swift */,
			);
			path = counterUITests;
			sourceTree = "<group>";
		};
/* End PBXGroup section */

/* Begin PBXNativeTarget section */
		3353926E2B8D057000A50F17 /* counter */ = {
			isa = PBXNativeTarget;
			buildConfigurationList = 335392932B8D057400A50F17 /* Build configuration list for PBXNativeTarget "counter" */;
			buildPhases = (
				3353926B2B8D057000A50F17 /* Sources */,
				3353926C2B8D057000A50F17 /* Frameworks */,
				3353926D2B8D057000A50F17 /* Resources */,
			);
			buildRules = (
			);
			dependencies = (
			);
			name = counter;
			productName = counter;
			productReference = 3353926F2B8D057000A50F17 /* counter.app */;
			productType = "com.apple.product-type.application";
		};
		3353927E2B8D057400A50F17 /* counterTests */ = {
			isa = PBXNativeTarget;
			buildConfigurationList = 335392962B8D057400A50F17 /* Build configuration list for PBXNativeTarget "counterTests" */;
			buildPhases = (
				3353927B2B8D057400A50F17 /* Sources */,
				3353927C2B8D057400A50F17 /* Frameworks */,
				3353927D2B8D057400A50F17 /* Resources */,
			);
			buildRules = (
			);
			dependencies = (
				335392812B8D057400A50F17 /* PBXTargetDependency */,
			);
			name = counterTests;
			productName = counterTests;
			productReference = 3353927F2B8D057400A50F17 /* counterTests.xctest */;
			productType = "com.apple.product-type.bundle.unit-test";
		};
		335392882B8D057400A50F17 /* counterUITests */ = {
			isa = PBXNativeTarget;
			buildConfigurationList = 335392992B8D057400A50F17 /* Build configuration list for PBXNativeTarget "counterUITests" */;
			buildPhases = (
				335392852B8D057400A50F17 /* Sources */,
				335392862B8D057400A50F17 /* Frameworks */,
				335392872B8D057400A50F17 /* Resources */,
			);
			buildRules = (
			);
			dependencies = (
				3353928B2B8D057400A50F17 /* PBXTargetDependency */,
			);
			name = counterUITests;
			productName = counterUITests;
			productReference = 335392892B8D057400A50F17 /* counterUITests.xctest */;
			productType = "com.apple.product-type.bundle.ui-testing";
		};
/* End PBXNativeTarget section */

/* Begin PBXProject section */
		335392672B8D057000A50F17 /* Project object */ = {
			isa = PBXProject;
			attributes = {
				BuildIndependentTargetsInParallel = 1;
				LastSwiftUpdateCheck = 1510;
				LastUpgradeCheck = 1510;
				TargetAttributes = {
					3353926E2B8D057000A50F17 = {
						CreatedOnToolsVersion = 15.1;
					};
					3353927E2B8D057400A50F17 = {
						CreatedOnToolsVersion = 15.1;
						TestTargetID = 3353926E2B8D057000A50F17;
					};
					335392882B8D057400A50F17 = {
						CreatedOnToolsVersion = 15.1;
						TestTargetID = 3353926E2B8D057000A50F17;
					};
				};
			};
			buildConfigurationList = 3353926A2B8D057000A50F17 /* Build configuration list for PBXProject "counter" */;
			compatibilityVersion = "Xcode 14.0";
			developmentRegion = en;
			hasScannedForEncodings = 0;
			knownRegions = (
				en,
				Base,
			);
			mainGroup = 335392662B8D057000A50F17;
			productRefGroup = 335392702B8D057000A50F17 /* Products */;
			projectDirPath = "";
			projectRoot = "";
			targets = (
				3353926E2B8D057000A50F17 /* counter */,
				3353927E2B8D057400A50F17 /* counterTests */,
				335392882B8D057400A50F17 /* counterUITests */,
			);
		};
/* End PBXProject section */

/* Begin PBXResourcesBuildPhase section */
		3353926D2B8D057000A50F17 /* Resources */ = {
			isa = PBXResourcesBuildPhase;
			buildActionMask = 2147483647;
			files = (
				3353927A2B8D057300A50F17 /* Preview Assets.xcassets in Resources */,
				335392772B8D057300A50F17 /* Assets.xcassets in Resources */,
			);
			runOnlyForDeploymentPostprocessing = 0;
		};
		3353927D2B8D057400A50F17 /* Resources */ = {
			isa = PBXResourcesBuildPhase;
			buildActionMask = 2147483647;
			files = (
			);
			runOnlyForDeploymentPostprocessing = 0;
		};
		335392872B8D057400A50F17 /* Resources */ = {
			isa = PBXResourcesBuildPhase;
			buildActionMask = 2147483647;
			files = (
			);
			runOnlyForDeploymentPostprocessing = 0;
		};
/* End PBXResourcesBuildPhase section */

/* Begin PBXSourcesBuildPhase section */
		3353926B2B8D057000A50F17 /* Sources */ = {
			isa = PBXSourcesBuildPhase;
			buildActionMask = 2147483647;
			files = (
				335392752B8D057000A50F17 /* ContentView.swift in Sources */,
				335392732B8D057000A50F17 /* counterApp.swift in Sources */,
			);
			runOnlyForDeploymentPostprocessing = 0;
		};
		3353927B2B8D057400A50F17 /* Sources */ = {
			isa = PBXSourcesBuildPhase;
			buildActionMask = 2147483647;
			files = (
				335392842B8D057400A50F17 /* counterTests.swift in Sources */,
			);
			runOnlyForDeploymentPostprocessing = 0;
		};
		335392852B8D057400A50F17 /* Sources */ = {
			isa = PBXSourcesBuildPhase;
			buildActionMask = 2147483647;
			files = (
				3353928E2B8D057400A50F17 /* counterUITests.swift in Sources */,
				335392902B8D057400A50F17 /* counterUITestsLaunchTests.swift in Sources */,
			);
			runOnlyForDeploymentPostprocessing = 0;
		};
/* End PBXSourcesBuildPhase section */

/* Begin PBXTargetDependency section */
		335392812B8D057400A50F17 /* PBXTargetDependency */ = {
			isa = PBXTargetDependency;
			target = 3353926E2B8D057000A50F17 /* counter */;
			targetProxy = 335392802B8D057400A50F17 /* PBXContainerItemProxy */;
		};
		3353928B2B8D057400A50F17 /* PBXTargetDependency */ = {
			isa = PBXTargetDependency;
			target = 3353926E2B8D057000A50F17 /* counter */;
			targetProxy = 3353928A2B8D057400A50F17 /* PBXContainerItemProxy */;
		};
/* End PBXTargetDependency section */

/* Begin XCBuildConfiguration section */
		335392912B8D057400A50F17 /* Debug */ = {
			isa = XCBuildConfiguration;
			buildSettings = {
				ALWAYS_SEARCH_USER_PATHS = NO;
				ASSETCATALOG_COMPILER_GENERATE_SWIFT_ASSET_SYMBOL_EXTENSIONS = YES;
				CLANG_ANALYZER_NONNULL = YES;
				CLANG_ANALYZER_NUMBER_OBJECT_CONVERSION = YES_AGGRESSIVE;
				CLANG_CXX_LANGUAGE_STANDARD = "gnu++20";
				CLANG_ENABLE_MODULES = YES;
				CLANG_ENABLE_OBJC_ARC = YES;
				CLANG_ENABLE_OBJC_WEAK = YES;
				CLANG_WARN_BLOCK_CAPTURE_AUTORELEASING = YES;
				CLANG_WARN_BOOL_CONVERSION = YES;
				CLANG_WARN_COMMA = YES;
				CLANG_WARN_CONSTANT_CONVERSION = YES;
				CLANG_WARN_DEPRECATED_OBJC_IMPLEMENTATIONS = YES;
				CLANG_WARN_DIRECT_OBJC_ISA_USAGE = YES_ERROR;
				CLANG_WARN_DOCUMENTATION_COMMENTS = YES;
				CLANG_WARN_EMPTY_BODY = YES;
				CLANG_WARN_ENUM_CONVERSION = YES;
				CLANG_WARN_INFINITE_RECURSION = YES;
				CLANG_WARN_INT_CONVERSION = YES;
				CLANG_WARN_NON_LITERAL_NULL_CONVERSION = YES;
				CLANG_WARN_OBJC_IMPLICIT_RETAIN_SELF = YES;
				CLANG_WARN_OBJC_LITERAL_CONVERSION = YES;
				CLANG_WARN_OBJC_ROOT_CLASS = YES_ERROR;
				CLANG_WARN_QUOTED_INCLUDE_IN_FRAMEWORK_HEADER = YES;
				CLANG_WARN_RANGE_LOOP_ANALYSIS = YES;
				CLANG_WARN_STRICT_PROTOTYPES = YES;
				CLANG_WARN_SUSPICIOUS_MOVE = YES;
				CLANG_WARN_UNGUARDED_AVAILABILITY = YES_AGGRESSIVE;
				CLANG_WARN_UNREACHABLE_CODE = YES;
				CLANG_WARN__DUPLICATE_METHOD_MATCH = YES;
				COPY_PHASE_STRIP = NO;
				DEBUG_INFORMATION_FORMAT = dwarf;
				ENABLE_STRICT_OBJC_MSGSEND = YES;
				ENABLE_TESTABILITY = YES;
				ENABLE_USER_SCRIPT_SANDBOXING = YES;
				GCC_C_LANGUAGE_STANDARD = gnu17;
				GCC_DYNAMIC_NO_PIC = NO;
				GCC_NO_COMMON_BLOCKS = YES;
				GCC_OPTIMIZATION_LEVEL = 0;
				GCC_PREPROCESSOR_DEFINITIONS = (
					"DEBUG=1",
					"$(inherited)",
				);
				GCC_WARN_64_TO_32_BIT_CONVERSION = YES;
				GCC_WARN_ABOUT_RETURN_TYPE = YES_ERROR;
				GCC_WARN_UNDECLARED_SELECTOR = YES;
				GCC_WARN_UNINITIALIZED_AUTOS = YES_AGGRESSIVE;
				GCC_WARN_UNUSED_FUNCTION = YES;
				GCC_WARN_UNUSED_VARIABLE = YES;
				IPHONEOS_DEPLOYMENT_TARGET = 17.2;
				LOCALIZATION_PREFERS_STRING_CATALOGS = YES;
				MTL_ENABLE_DEBUG_INFO = INCLUDE_SOURCE;
				MTL_FAST_MATH = YES;
				ONLY_ACTIVE_ARCH = YES;
				SDKROOT = iphoneos;
				SWIFT_ACTIVE_COMPILATION_CONDITIONS = "DEBUG $(inherited)";
				SWIFT_OPTIMIZATION_LEVEL = "-Onone";
			};
			name = Debug;
		};
		335392922B8D057400A50F17 /* Release */ = {
			isa = XCBuildConfiguration;
			buildSettings = {
				ALWAYS_SEARCH_USER_PATHS = NO;
				ASSETCATALOG_COMPILER_GENERATE_SWIFT_ASSET_SYMBOL_EXTENSIONS = YES;
				CLANG_ANALYZER_NONNULL = YES;
				CLANG_ANALYZER_NUMBER_OBJECT_CONVERSION = YES_AGGRESSIVE;
				CLANG_CXX_LANGUAGE_STANDARD = "gnu++20";
				CLANG_ENABLE_MODULES = YES;
				CLANG_ENABLE_OBJC_ARC = YES;
				CLANG_ENABLE_OBJC_WEAK = YES;
				CLANG_WARN_BLOCK_CAPTURE_AUTORELEASING = YES;
				CLANG_WARN_BOOL_CONVERSION = YES;
				CLANG_WARN_COMMA = YES;
				CLANG_WARN_CONSTANT_CONVERSION = YES;
				CLANG_WARN_DEPRECATED_OBJC_IMPLEMENTATIONS = YES;
				CLANG_WARN_DIRECT_OBJC_ISA_USAGE = YES_ERROR;
				CLANG_WARN_DOCUMENTATION_COMMENTS = YES;
				CLANG_WARN_EMPTY_BODY = YES;
				CLANG_WARN_ENUM_CONVERSION = YES;
				CLANG_WARN_INFINITE_RECURSION = YES;
				CLANG_WARN_INT_CONVERSION = YES;
				CLANG_WARN_NON_LITERAL_NULL_CONVERSION = YES;
				CLANG_WARN_OBJC_IMPLICIT_RETAIN_SELF = YES;
				CLANG_WARN_OBJC_LITERAL_CONVERSION = YES;
				CLANG_WARN_OBJC_ROOT_CLASS = YES_ERROR;
				CLANG_WARN_QUOTED_INCLUDE_IN_FRAMEWORK_HEADER = YES;
				CLANG_WARN_RANGE_LOOP_ANALYSIS = YES;
				CLANG_WARN_STRICT_PROTOTYPES = YES;
				CLANG_WARN_SUSPICIOUS_MOVE = YES;
				CLANG_WARN_UNGUARDED_AVAILABILITY = YES_AGGRESSIVE;
				CLANG_WARN_UNREACHABLE_CODE = YES;
				CLANG_WARN__DUPLICATE_METHOD_MATCH = YES;
				COPY_PHASE_STRIP = NO;
				DEBUG_INFORMATION_FORMAT = "dwarf-with-dsym";
				ENABLE_NS_ASSERTIONS = NO;
				ENABLE_STRICT_OBJC_MSGSEND = YES;
				ENABLE_USER_SCRIPT_SANDBOXING = YES;
				GCC_C_LANGUAGE_STANDARD = gnu17;
				GCC_NO_COMMON_BLOCKS = YES;
				GCC_WARN_64_TO_32_BIT_CONVERSION = YES;
				GCC_WARN_ABOUT_RETURN_TYPE = YES_ERROR;
				GCC_WARN_UNDECLARED_SELECTOR = YES;
				GCC_WARN_UNINITIALIZED_AUTOS = YES_AGGRESSIVE;
				GCC_WARN_UNUSED_FUNCTION = YES;
				GCC_WARN_UNUSED_VARIABLE = YES;
				IPHONEOS_DEPLOYMENT_TARGET = 17.2;
				LOCALIZATION_PREFERS_STRING_CATALOGS = YES;
				MTL_ENABLE_DEBUG_INFO = NO;
				MTL_FAST_MATH = YES;
				SDKROOT = iphoneos;
				SWIFT_COMPILATION_MODE = wholemodule;
				VALIDATE_PRODUCT = YES;
			};
			name = Release;
		};
		335392942B8D057400A50F17 /* Debug */ = {
			isa = XCBuildConfiguration;
			buildSettings = {
				ASSETCATALOG_COMPILER_APPICON_NAME = AppIcon;
				ASSETCATALOG_COMPILER_GLOBAL_ACCENT_COLOR_NAME = AccentColor;
				CODE_SIGN_STYLE = Automatic;
				CURRENT_PROJECT_VERSION = 1;
				DEVELOPMENT_ASSET_PATHS = "\"counter/Preview Content\"";
				ENABLE_PREVIEWS = YES;
				GENERATE_INFOPLIST_FILE = YES;
				INFOPLIST_KEY_UIApplicationSceneManifest_Generation = YES;
				INFOPLIST_KEY_UIApplicationSupportsIndirectInputEvents = YES;
				INFOPLIST_KEY_UILaunchScreen_Generation = YES;
				INFOPLIST_KEY_UISupportedInterfaceOrientations_iPad = "UIInterfaceOrientationPortrait UIInterfaceOrientationPortraitUpsideDown UIInterfaceOrientationLandscapeLeft UIInterfaceOrientationLandscapeRight";
				INFOPLIST_KEY_UISupportedInterfaceOrientations_iPhone = "UIInterfaceOrientationPortrait UIInterfaceOrientationLandscapeLeft UIInterfaceOrientationLandscapeRight";
				LD_RUNPATH_SEARCH_PATHS = (
					"$(inherited)",
					"@executable_path/Frameworks",
				);
				MARKETING_VERSION = 1.0;
				PRODUCT_BUNDLE_IDENTIFIER = com.metroed.counter;
				PRODUCT_NAME = "$(TARGET_NAME)";
				SWIFT_EMIT_LOC_STRINGS = YES;
				SWIFT_VERSION = 5.0;
				TARGETED_DEVICE_FAMILY = "1,2";
			};
			name = Debug;
		};
		335392952B8D057400A50F17 /* Release */ = {
			isa = XCBuildConfiguration;
			buildSettings = {
				ASSETCATALOG_COMPILER_APPICON_NAME = AppIcon;
				ASSETCATALOG_COMPILER_GLOBAL_ACCENT_COLOR_NAME = AccentColor;
				CODE_SIGN_STYLE = Automatic;
				CURRENT_PROJECT_VERSION = 1;
				DEVELOPMENT_ASSET_PATHS = "\"counter/Preview Content\"";
				ENABLE_PREVIEWS = YES;
				GENERATE_INFOPLIST_FILE = YES;
				INFOPLIST_KEY_UIApplicationSceneManifest_Generation = YES;
				INFOPLIST_KEY_UIApplicationSupportsIndirectInputEvents = YES;
				INFOPLIST_KEY_UILaunchScreen_Generation = YES;
				INFOPLIST_KEY_UISupportedInterfaceOrientations_iPad = "UIInterfaceOrientationPortrait UIInterfaceOrientationPortraitUpsideDown UIInterfaceOrientationLandscapeLeft UIInterfaceOrientationLandscapeRight";
				INFOPLIST_KEY_UISupportedInterfaceOrientations_iPhone = "UIInterfaceOrientationPortrait UIInterfaceOrientationLandscapeLeft UIInterfaceOrientationLandscapeRight";
				LD_RUNPATH_SEARCH_PATHS = (
					"$(inherited)",
					"@executable_path/Frameworks",
				);
				MARKETING_VERSION = 1.0;
				PRODUCT_BUNDLE_IDENTIFIER = com.metroed.counter;
				PRODUCT_NAME = "$(TARGET_NAME)";
				SWIFT_EMIT_LOC_STRINGS = YES;
				SWIFT_VERSION = 5.0;
				TARGETED_DEVICE_FAMILY = "1,2";
			};
			name = Release;
		};
		335392972B8D057400A50F17 /* Debug */ = {
			isa = XCBuildConfiguration;
			buildSettings = {
				ALWAYS_EMBED_SWIFT_STANDARD_LIBRARIES = YES;
				BUNDLE_LOADER = "$(TEST_HOST)";
				CODE_SIGN_STYLE = Automatic;
				CURRENT_PROJECT_VERSION = 1;
				GENERATE_INFOPLIST_FILE = YES;
				IPHONEOS_DEPLOYMENT_TARGET = 17.2;
				MARKETING_VERSION = 1.0;
				PRODUCT_BUNDLE_IDENTIFIER = com.metroed.counterTests;
				PRODUCT_NAME = "$(TARGET_NAME)";
				SWIFT_EMIT_LOC_STRINGS = NO;
				SWIFT_VERSION = 5.0;
				TARGETED_DEVICE_FAMILY = "1,2";
				TEST_HOST = "$(BUILT_PRODUCTS_DIR)/counter.app/$(BUNDLE_EXECUTABLE_FOLDER_PATH)/counter";
			};
			name = Debug;
		};
		335392982B8D057400A50F17 /* Release */ = {
			isa = XCBuildConfiguration;
			buildSettings = {
				ALWAYS_EMBED_SWIFT_STANDARD_LIBRARIES = YES;
				BUNDLE_LOADER = "$(TEST_HOST)";
				CODE_SIGN_STYLE = Automatic;
				CURRENT_PROJECT_VERSION = 1;
				GENERATE_INFOPLIST_FILE = YES;
				IPHONEOS_DEPLOYMENT_TARGET = 17.2;
				MARKETING_VERSION = 1.0;
				PRODUCT_BUNDLE_IDENTIFIER = com.metroed.counterTests;
				PRODUCT_NAME = "$(TARGET_NAME)";
				SWIFT_EMIT_LOC_STRINGS = NO;
				SWIFT_VERSION = 5.0;
				TARGETED_DEVICE_FAMILY = "1,2";
				TEST_HOST = "$(BUILT_PRODUCTS_DIR)/counter.app/$(BUNDLE_EXECUTABLE_FOLDER_PATH)/counter";
			};
			name = Release;
		};
		3353929A2B8D057400A50F17 /* Debug */ = {
			isa = XCBuildConfiguration;
			buildSettings = {
				ALWAYS_EMBED_SWIFT_STANDARD_LIBRARIES = YES;
				CODE_SIGN_STYLE = Automatic;
				CURRENT_PROJECT_VERSION = 1;
				GENERATE_INFOPLIST_FILE = YES;
				MARKETING_VERSION = 1.0;
				PRODUCT_BUNDLE_IDENTIFIER = com.metroed.counterUITests;
				PRODUCT_NAME = "$(TARGET_NAME)";
				SWIFT_EMIT_LOC_STRINGS = NO;
				SWIFT_VERSION = 5.0;
				TARGETED_DEVICE_FAMILY = "1,2";
				TEST_TARGET_NAME = counter;
			};
			name = Debug;
		};
		3353929B2B8D057400A50F17 /* Release */ = {
			isa = XCBuildConfiguration;
			buildSettings = {
				ALWAYS_EMBED_SWIFT_STANDARD_LIBRARIES = YES;
				CODE_SIGN_STYLE = Automatic;
				CURRENT_PROJECT_VERSION = 1;
				GENERATE_INFOPLIST_FILE = YES;
				MARKETING_VERSION = 1.0;
				PRODUCT_BUNDLE_IDENTIFIER = com.metroed.counterUITests;
				PRODUCT_NAME = "$(TARGET_NAME)";
				SWIFT_EMIT_LOC_STRINGS = NO;
				SWIFT_VERSION = 5.0;
				TARGETED_DEVICE_FAMILY = "1,2";
				TEST_TARGET_NAME = counter;
			};
			name = Release;
		};
/* End XCBuildConfiguration section */

/* Begin XCConfigurationList section */
		3353926A2B8D057000A50F17 /* Build configuration list for PBXProject "counter" */ = {
			isa = XCConfigurationList;
			buildConfigurations = (
				335392912B8D057400A50F17 /* Debug */,
				335392922B8D057400A50F17 /* Release */,
			);
			defaultConfigurationIsVisible = 0;
			defaultConfigurationName = Release;
		};
		335392932B8D057400A50F17 /* Build configuration list for PBXNativeTarget "counter" */ = {
			isa = XCConfigurationList;
			buildConfigurations = (
				335392942B8D057400A50F17 /* Debug */,
				335392952B8D057400A50F17 /* Release */,
			);
			defaultConfigurationIsVisible = 0;
			defaultConfigurationName = Release;
		};
		335392962B8D057400A50F17 /* Build configuration list for PBXNativeTarget "counterTests" */ = {
			isa = XCConfigurationList;
			buildConfigurations = (
				335392972B8D057400A50F17 /* Debug */,
				335392982B8D057400A50F17 /* Release */,
			);
			defaultConfigurationIsVisible = 0;
			defaultConfigurationName = Release;
		};
		335392992B8D057400A50F17 /* Build configuration list for PBXNativeTarget "counterUITests" */ = {
			isa = XCConfigurationList;
			buildConfigurations = (
				3353929A2B8D057400A50F17 /* Debug */,
				3353929B2B8D057400A50F17 /* Release */,
			);
			defaultConfigurationIsVisible = 0;
			defaultConfigurationName = Release;
		};
/* End XCConfigurationList section */
	};
	rootObject = 335392672B8D057000A50F17 /* Project object */;
}
